{
    "_readme": [
        "This file locks the dependencies of your project to a known state",
        "Read more about it at https://getcomposer.org/doc/01-basic-usage.md#installing-dependencies",
        "This file is @generated automatically"
    ],
    "content-hash": "e7f4e9084f8d9dfd0e6dfafd290161ba",
    "packages": [
        {
            "name": "league/uri-components",
            "version": "2.4.0",
            "source": {
                "type": "git",
                "url": "https://github.com/thephpleague/uri-components.git",
                "reference": "c97c83e7d915cdb0163f0322a87a07df1d0d9fe1"
            },
            "dist": {
                "type": "zip",
                "url": "https://api.github.com/repos/thephpleague/uri-components/zipball/c97c83e7d915cdb0163f0322a87a07df1d0d9fe1",
                "reference": "c97c83e7d915cdb0163f0322a87a07df1d0d9fe1",
                "shasum": ""
            },
            "require": {
                "ext-json": "*",
                "league/uri-interfaces": "^2.3",
                "php": "^7.3 || ^8.0",
                "psr/http-message": "^1.0"
            },
            "require-dev": {
                "friendsofphp/php-cs-fixer": "^2.19",
                "guzzlehttp/psr7": "^1.4.2",
                "laminas/laminas-diactoros": "^2.6.0",
                "league/uri": "^6.0",
                "phpstan/phpstan": "^0.12.94",
                "phpstan/phpstan-phpunit": "^0.12.21",
                "phpstan/phpstan-strict-rules": "^0.12.10",
                "phpunit/phpunit": "^9.5.8"
            },
            "suggest": {
                "ext-fileinfo": "Needed to create Data URI from a filepath",
                "ext-gmp": "to improve handle IPV4 parsing",
                "ext-intl": "to handle IDN host",
                "jeremykendall/php-domain-parser": "Public Suffix and Top Level Domain parsing implemented in PHP",
                "league/uri": "to allow manipulating URI objects",
                "php-64bit": "to improve handle IPV4 parsing",
                "psr/http-message-implementation": "to allow manipulating PSR-7 Uri objects"
            },
            "type": "library",
            "extra": {
                "branch-alias": {
                    "dev-master": "2.x-dev"
                }
            },
            "autoload": {
                "psr-4": {
                    "League\\Uri\\": "src"
                }
            },
            "notification-url": "https://packagist.org/downloads/",
            "license": [
                "MIT"
            ],
            "authors": [
                {
                    "name": "Ignace Nyamagana Butera",
                    "email": "nyamsprod@gmail.com",
                    "homepage": "https://nyamsprod.com"
                }
            ],
            "description": "URI components manipulation library",
            "homepage": "http://uri.thephpleague.com",
            "keywords": [
                "authority",
                "components",
                "fragment",
                "host",
                "path",
                "port",
                "query",
                "rfc3986",
                "scheme",
                "uri",
                "url",
                "userinfo"
            ],
            "support": {
                "issues": "https://github.com/thephpleague/uri-components/issues",
                "source": "https://github.com/thephpleague/uri-components/tree/2.4.0"
            },
            "funding": [
                {
                    "url": "https://github.com/nyamsprod",
                    "type": "github"
                }
            ],
            "time": "2021-08-02T20:31:29+00:00"
        },
        {
            "name": "league/uri-interfaces",
            "version": "2.3.0",
            "source": {
                "type": "git",
                "url": "https://github.com/thephpleague/uri-interfaces.git",
                "reference": "00e7e2943f76d8cb50c7dfdc2f6dee356e15e383"
            },
            "dist": {
                "type": "zip",
                "url": "https://api.github.com/repos/thephpleague/uri-interfaces/zipball/00e7e2943f76d8cb50c7dfdc2f6dee356e15e383",
                "reference": "00e7e2943f76d8cb50c7dfdc2f6dee356e15e383",
                "shasum": ""
            },
            "require": {
                "ext-json": "*",
                "php": "^7.2 || ^8.0"
            },
            "require-dev": {
                "friendsofphp/php-cs-fixer": "^2.19",
                "phpstan/phpstan": "^0.12.90",
                "phpstan/phpstan-phpunit": "^0.12.19",
                "phpstan/phpstan-strict-rules": "^0.12.9",
                "phpunit/phpunit": "^8.5.15 || ^9.5"
            },
            "suggest": {
                "ext-intl": "to use the IDNA feature",
                "symfony/intl": "to use the IDNA feature via Symfony Polyfill"
            },
            "type": "library",
            "extra": {
                "branch-alias": {
                    "dev-master": "2.x-dev"
                }
            },
            "autoload": {
                "psr-4": {
                    "League\\Uri\\": "src/"
                }
            },
            "notification-url": "https://packagist.org/downloads/",
            "license": [
                "MIT"
            ],
            "authors": [
                {
                    "name": "Ignace Nyamagana Butera",
                    "email": "nyamsprod@gmail.com",
                    "homepage": "https://nyamsprod.com"
                }
            ],
            "description": "Common interface for URI representation",
            "homepage": "http://github.com/thephpleague/uri-interfaces",
            "keywords": [
                "rfc3986",
                "rfc3987",
                "uri",
                "url"
            ],
            "support": {
                "issues": "https://github.com/thephpleague/uri-interfaces/issues",
                "source": "https://github.com/thephpleague/uri-interfaces/tree/2.3.0"
            },
            "funding": [
                {
                    "url": "https://github.com/sponsors/nyamsprod",
                    "type": "github"
                }
            ],
            "time": "2021-06-28T04:27:21+00:00"
        },
        {
            "name": "psr/http-message",
            "version": "1.0.1",
            "source": {
                "type": "git",
                "url": "https://github.com/php-fig/http-message.git",
                "reference": "f6561bf28d520154e4b0ec72be95418abe6d9363"
            },
            "dist": {
                "type": "zip",
                "url": "https://api.github.com/repos/php-fig/http-message/zipball/f6561bf28d520154e4b0ec72be95418abe6d9363",
                "reference": "f6561bf28d520154e4b0ec72be95418abe6d9363",
                "shasum": ""
            },
            "require": {
                "php": ">=5.3.0"
            },
            "type": "library",
            "extra": {
                "branch-alias": {
                    "dev-master": "1.0.x-dev"
                }
            },
            "autoload": {
                "psr-4": {
                    "Psr\\Http\\Message\\": "src/"
                }
            },
            "notification-url": "https://packagist.org/downloads/",
            "license": [
                "MIT"
            ],
            "authors": [
                {
                    "name": "PHP-FIG",
                    "homepage": "http://www.php-fig.org/"
                }
            ],
            "description": "Common interface for HTTP messages",
            "homepage": "https://github.com/php-fig/http-message",
            "keywords": [
                "http",
                "http-message",
                "psr",
                "psr-7",
                "request",
                "response"
            ],
            "support": {
                "source": "https://github.com/php-fig/http-message/tree/master"
            },
            "time": "2016-08-06T14:39:51+00:00"
        }
    ],
    "packages-dev": [],
    "aliases": [],
    "minimum-stability": "dev",
    "stability-flags": [],
    "prefer-stable": true,
    "prefer-lowest": false,
    "platform": {
        "php": "^7.3 || ^8.0"
    },
    "platform-dev": [],
    "plugin-api-version": "2.2.0"
}
